github.com/elastic/go-elasticsearch/v7 v7.5.0 h1:kXW+EKls2BwsyQujTmVrxANb3U0qoz9wEq8Zkf/JEco=
github.com/elastic/go-elasticsearch/v7 v7.5.0/go.mod h1:OJ4wdbtDNk5g503kvlHLyErCgQwwzmDtaFC4XyOxXA4=
github.com/tidwall/gjson v1.5.0 h1:QCssIUI7J0RStkzIcI4A7O6P8rDA5wi5IPf70uqKSxg=
github.com/tidwall/gjson v1.5.0/go.mod h1:P256ACg0Mn+j1RXIDXoss50DeIABTYK1PULOJHhxOls=
github.com/tidwall/match v1.0.1 h1:PnKP62LPNxHKTwvHHZZzdOAOCtsJTjo6dZLCwpKm5xc=
github.com/tidwall/match v1.0.1/go.mod h1:LujAq0jyVjBy028G1WhWfIzbpQfMO8bBZ6Tyb0+pL9E=
github.com/tidwall/pretty v1.0.0 h1:HsD+QiTn7sK6flMKIvNmpqz1qrpP3Ps6jOKIKMooyg4=
github.com/tidwall/pretty v1.0.0/go.mod h1:XNkn88O1ChpSDQmQeStsy+sBenx6DDtFZJxhVysOjyk=
